
Microsoft Visual Studio Solution File, Format Version 12.00
# Visual Studio Version 17
VisualStudioVersion = 17.9.34728.123
MinimumVisualStudioVersion = 10.0.40219.1
Project("{9A19103F-16F7-4668-BE54-9A1E7A4F7556}") = "MyLife.App.Desktop", "MyLife.App.Desktop\MyLife.App.Desktop.csproj", "{DFE58BF3-C82A-4A7D-AC4D-BD1F884F34BC}"
EndProject
Project("{9A19103F-16F7-4668-BE54-9A1E7A4F7556}") = "MyLife.App.Browser", "MyLife.App.Browser\MyLife.App.Browser.csproj", "{5426C0D4-5BD7-4C82-A6F3-D3BE388BCCAB}"
EndProject
Project("{2150E333-8FDC-42A3-9474-1A3956D46DE8}") = "Plugins", "Plugins", "{B8096191-B67C-4BB1-972A-0CA1D4BA76BD}"
EndProject
Project("{2150E333-8FDC-42A3-9474-1A3956D46DE8}") = "Android", "Android", "{A5EF56B5-7501-422D-8F66-4366E5E494F7}"
EndProject
Project("{9A19103F-16F7-4668-BE54-9A1E7A4F7556}") = "MyLife.App.Android.UI.Mobile", "Android\MyLife.App.Android.UI.Mobile\MyLife.App.Android.UI.Mobile.csproj", "{33FBB8EB-9585-4631-921D-FBA656B15196}"
EndProject
Project("{9A19103F-16F7-4668-BE54-9A1E7A4F7556}") = "MyLife.App.Android.UI.Watch", "Android\MyLife.App.Android.UI.Watch\MyLife.App.Android.UI.Watch.csproj", "{29D65C55-D438-4CB0-A932-5344176CADBE}"
EndProject
Project("{9A19103F-16F7-4668-BE54-9A1E7A4F7556}") = "MyLife.App.Android", "Android\MyLife.App.Android\MyLife.App.Android.csproj", "{087B009A-28C2-4326-B0B3-B015CFB60EE4}"
EndProject
Project("{9A19103F-16F7-4668-BE54-9A1E7A4F7556}") = "MyLife.App.Shared", "MyLife.App.Shared\MyLife.App.Shared.csproj", "{E8DE26D5-AA20-4154-9AB4-1984B46EA2D6}"
EndProject
Project("{2150E333-8FDC-42A3-9474-1A3956D46DE8}") = "Solution Items", "Solution Items", "{03AEBEFF-4379-42AD-8F7B-387A8E93804D}"
	ProjectSection(SolutionItems) = preProject
		.gitattributes = .gitattributes
		.gitignore = .gitignore
		Directory.Build.props = Directory.Build.props
		LICENSE.txt = LICENSE.txt
		README.md = README.md
	EndProjectSection
EndProject
Project("{9A19103F-16F7-4668-BE54-9A1E7A4F7556}") = "MyLife.App.Shared.UI", "MyLife.App.Shared.UI\MyLife.App.Shared.UI.csproj", "{32F4E207-D419-4E99-A1D4-67DCC46B0AC3}"
EndProject
Project("{9A19103F-16F7-4668-BE54-9A1E7A4F7556}") = "MyLife.App.Plugins.Content.Todo", "Plugins\MyLife.App.Plugins.Content.Todo\MyLife.App.Plugins.Content.Todo.csproj", "{68B988FF-0087-4F43-B6ED-D44D75950EC2}"
EndProject
Project("{9A19103F-16F7-4668-BE54-9A1E7A4F7556}") = "MyLife.App.Shared.UI.DesignerStub", "MyLife.App.Shared.UI.DesignerStub\MyLife.App.Shared.UI.DesignerStub.csproj", "{A9C56D3A-2E03-4A17-97EE-EE175D0245FC}"
EndProject
Project("{2150E333-8FDC-42A3-9474-1A3956D46DE8}") = "Utilities", "Utilities", "{6B536171-B5EF-40E8-8EEA-FE6358F0EE0C}"
EndProject
Project("{9A19103F-16F7-4668-BE54-9A1E7A4F7556}") = "MyLife.Utilities.BuildTimeAugmentation", "Utilities\MyLife.Utilities.BuildTimeAugmentation\MyLife.Utilities.BuildTimeAugmentation.csproj", "{2B2AA401-468F-4886-B653-4538E8AECC83}"
EndProject
Project("{FAE04EC0-301F-11D3-BF4B-00C04F79EFBC}") = "MyLife.App.Shared.UI.Tabs", "MyLife.App.Shared.UI.Tabs\MyLife.App.Shared.UI.Tabs.csproj", "{61CCA56A-7155-4303-8D38-63542C554F32}"
EndProject
Global
	GlobalSection(SolutionConfigurationPlatforms) = preSolution
		Debug|Any CPU = Debug|Any CPU
		Release|Any CPU = Release|Any CPU
	EndGlobalSection
	GlobalSection(ProjectConfigurationPlatforms) = postSolution
		{DFE58BF3-C82A-4A7D-AC4D-BD1F884F34BC}.Debug|Any CPU.ActiveCfg = Debug|Any CPU
		{DFE58BF3-C82A-4A7D-AC4D-BD1F884F34BC}.Debug|Any CPU.Build.0 = Debug|Any CPU
		{DFE58BF3-C82A-4A7D-AC4D-BD1F884F34BC}.Release|Any CPU.ActiveCfg = Release|Any CPU
		{DFE58BF3-C82A-4A7D-AC4D-BD1F884F34BC}.Release|Any CPU.Build.0 = Release|Any CPU
		{5426C0D4-5BD7-4C82-A6F3-D3BE388BCCAB}.Debug|Any CPU.ActiveCfg = Debug|Any CPU
		{5426C0D4-5BD7-4C82-A6F3-D3BE388BCCAB}.Debug|Any CPU.Build.0 = Debug|Any CPU
		{5426C0D4-5BD7-4C82-A6F3-D3BE388BCCAB}.Release|Any CPU.ActiveCfg = Release|Any CPU
		{5426C0D4-5BD7-4C82-A6F3-D3BE388BCCAB}.Release|Any CPU.Build.0 = Release|Any CPU
		{33FBB8EB-9585-4631-921D-FBA656B15196}.Debug|Any CPU.ActiveCfg = Debug|Any CPU
		{33FBB8EB-9585-4631-921D-FBA656B15196}.Debug|Any CPU.Build.0 = Debug|Any CPU
		{33FBB8EB-9585-4631-921D-FBA656B15196}.Release|Any CPU.ActiveCfg = Release|Any CPU
		{33FBB8EB-9585-4631-921D-FBA656B15196}.Release|Any CPU.Build.0 = Release|Any CPU
		{29D65C55-D438-4CB0-A932-5344176CADBE}.Debug|Any CPU.ActiveCfg = Debug|Any CPU
		{29D65C55-D438-4CB0-A932-5344176CADBE}.Debug|Any CPU.Build.0 = Debug|Any CPU
		{29D65C55-D438-4CB0-A932-5344176CADBE}.Release|Any CPU.ActiveCfg = Release|Any CPU
		{29D65C55-D438-4CB0-A932-5344176CADBE}.Release|Any CPU.Build.0 = Release|Any CPU
		{087B009A-28C2-4326-B0B3-B015CFB60EE4}.Debug|Any CPU.ActiveCfg = Debug|Any CPU
		{087B009A-28C2-4326-B0B3-B015CFB60EE4}.Debug|Any CPU.Build.0 = Debug|Any CPU
		{087B009A-28C2-4326-B0B3-B015CFB60EE4}.Debug|Any CPU.Deploy.0 = Debug|Any CPU
		{087B009A-28C2-4326-B0B3-B015CFB60EE4}.Release|Any CPU.ActiveCfg = Release|Any CPU
		{087B009A-28C2-4326-B0B3-B015CFB60EE4}.Release|Any CPU.Build.0 = Release|Any CPU
		{087B009A-28C2-4326-B0B3-B015CFB60EE4}.Release|Any CPU.Deploy.0 = Release|Any CPU
		{E8DE26D5-AA20-4154-9AB4-1984B46EA2D6}.Debug|Any CPU.ActiveCfg = Debug|Any CPU
		{E8DE26D5-AA20-4154-9AB4-1984B46EA2D6}.Debug|Any CPU.Build.0 = Debug|Any CPU
		{E8DE26D5-AA20-4154-9AB4-1984B46EA2D6}.Release|Any CPU.ActiveCfg = Release|Any CPU
		{E8DE26D5-AA20-4154-9AB4-1984B46EA2D6}.Release|Any CPU.Build.0 = Release|Any CPU
		{32F4E207-D419-4E99-A1D4-67DCC46B0AC3}.Debug|Any CPU.ActiveCfg = Debug|Any CPU
		{32F4E207-D419-4E99-A1D4-67DCC46B0AC3}.Debug|Any CPU.Build.0 = Debug|Any CPU
		{32F4E207-D419-4E99-A1D4-67DCC46B0AC3}.Release|Any CPU.ActiveCfg = Release|Any CPU
		{32F4E207-D419-4E99-A1D4-67DCC46B0AC3}.Release|Any CPU.Build.0 = Release|Any CPU
		{68B988FF-0087-4F43-B6ED-D44D75950EC2}.Debug|Any CPU.ActiveCfg = Debug|Any CPU
		{68B988FF-0087-4F43-B6ED-D44D75950EC2}.Debug|Any CPU.Build.0 = Debug|Any CPU
		{68B988FF-0087-4F43-B6ED-D44D75950EC2}.Release|Any CPU.ActiveCfg = Release|Any CPU
		{68B988FF-0087-4F43-B6ED-D44D75950EC2}.Release|Any CPU.Build.0 = Release|Any CPU
		{A9C56D3A-2E03-4A17-97EE-EE175D0245FC}.Debug|Any CPU.ActiveCfg = Debug|Any CPU
		{A9C56D3A-2E03-4A17-97EE-EE175D0245FC}.Debug|Any CPU.Build.0 = Debug|Any CPU
		{A9C56D3A-2E03-4A17-97EE-EE175D0245FC}.Release|Any CPU.ActiveCfg = Release|Any CPU
		{A9C56D3A-2E03-4A17-97EE-EE175D0245FC}.Release|Any CPU.Build.0 = Release|Any CPU
		{2B2AA401-468F-4886-B653-4538E8AECC83}.Debug|Any CPU.ActiveCfg = Debug|Any CPU
		{2B2AA401-468F-4886-B653-4538E8AECC83}.Debug|Any CPU.Build.0 = Debug|Any CPU
		{2B2AA401-468F-4886-B653-4538E8AECC83}.Release|Any CPU.ActiveCfg = Release|Any CPU
		{2B2AA401-468F-4886-B653-4538E8AECC83}.Release|Any CPU.Build.0 = Release|Any CPU
		{61CCA56A-7155-4303-8D38-63542C554F32}.Debug|Any CPU.ActiveCfg = Debug|Any CPU
		{61CCA56A-7155-4303-8D38-63542C554F32}.Debug|Any CPU.Build.0 = Debug|Any CPU
		{61CCA56A-7155-4303-8D38-63542C554F32}.Release|Any CPU.ActiveCfg = Release|Any CPU
		{61CCA56A-7155-4303-8D38-63542C554F32}.Release|Any CPU.Build.0 = Release|Any CPU
	EndGlobalSection
	GlobalSection(SolutionProperties) = preSolution
		HideSolutionNode = FALSE
	EndGlobalSection
	GlobalSection(NestedProjects) = preSolution
		{33FBB8EB-9585-4631-921D-FBA656B15196} = {A5EF56B5-7501-422D-8F66-4366E5E494F7}
		{29D65C55-D438-4CB0-A932-5344176CADBE} = {A5EF56B5-7501-422D-8F66-4366E5E494F7}
		{087B009A-28C2-4326-B0B3-B015CFB60EE4} = {A5EF56B5-7501-422D-8F66-4366E5E494F7}
		{68B988FF-0087-4F43-B6ED-D44D75950EC2} = {B8096191-B67C-4BB1-972A-0CA1D4BA76BD}
		{2B2AA401-468F-4886-B653-4538E8AECC83} = {6B536171-B5EF-40E8-8EEA-FE6358F0EE0C}
	EndGlobalSection
	GlobalSection(ExtensibilityGlobals) = postSolution
		SolutionGuid = {9D19063E-0EEE-48FF-A1BE-503788DDE6B0}
	EndGlobalSection
EndGlobal
