
Microsoft Visual Studio Solution File, Format Version 12.00
# Visual Studio Version 17
VisualStudioVersion = 17.9.34728.123
MinimumVisualStudioVersion = 10.0.40219.1
Project("{2150E333-8FDC-42A3-9474-1A3956D46DE8}") = "Solution Items", "Solution Items", "{03AEBEFF-4379-42AD-8F7B-387A8E93804D}"
	ProjectSection(SolutionItems) = preProject
		.gitattributes = .gitattributes
		.gitignore = .gitignore
		Directory.Build.props = Directory.Build.props
		LICENSE.txt = LICENSE.txt
		README.md = README.md
	EndProjectSection
EndProject
Project("{2150E333-8FDC-42A3-9474-1A3956D46DE8}") = "Common", "Common", "{6B536171-B5EF-40E8-8EEA-FE6358F0EE0C}"
EndProject
Project("{2150E333-8FDC-42A3-9474-1A3956D46DE8}") = "App", "App", "{71319DFB-7F12-4BEF-8504-8238DB5A29AA}"
EndProject
Project("{2150E333-8FDC-42A3-9474-1A3956D46DE8}") = "Infrastructure", "Infrastructure", "{D5F5013B-96FD-43F6-9C92-A44B513FA86C}"
EndProject
Project("{2150E333-8FDC-42A3-9474-1A3956D46DE8}") = "Android", "Android", "{62D4CDEB-8CE9-4B02-A9E5-481E17707DEA}"
EndProject
Project("{2150E333-8FDC-42A3-9474-1A3956D46DE8}") = "UI", "UI", "{79ECB53B-3123-488C-86BA-5096B1EB1A98}"
EndProject
Project("{9A19103F-16F7-4668-BE54-9A1E7A4F7556}") = "MyLife.Common.BuildTimeAugmentation", "Common\MyLife.Common.BuildTimeAugmentation\MyLife.Common.BuildTimeAugmentation.csproj", "{88345D8A-29E0-4A68-946F-E6B09A5228DB}"
EndProject
Project("{9A19103F-16F7-4668-BE54-9A1E7A4F7556}") = "MyLife.App.Shared", "App\MyLife.App.Shared\MyLife.App.Shared.csproj", "{87629106-2255-49F8-B183-79B37569CB30}"
EndProject
Project("{2150E333-8FDC-42A3-9474-1A3956D46DE8}") = "Plugins", "Plugins", "{0378DF1D-0D61-4774-98CB-64827D8B317F}"
EndProject
Project("{9A19103F-16F7-4668-BE54-9A1E7A4F7556}") = "MyLife.App.Shared.UI", "App\UI\MyLife.App.Shared.UI\MyLife.App.Shared.UI.csproj", "{D8AD3518-9053-45ED-A439-C9B5ADC02EC3}"
EndProject
Project("{9A19103F-16F7-4668-BE54-9A1E7A4F7556}") = "MyLife.App.Shared.UI.DesignerStub", "App\UI\MyLife.App.Shared.UI.DesignerStub\MyLife.App.Shared.UI.DesignerStub.csproj", "{3ABF143F-05C6-4EA3-8E05-6E89DE8C34E0}"
EndProject
Project("{9A19103F-16F7-4668-BE54-9A1E7A4F7556}") = "MyLife.App.Shared.UI.Tabs", "App\UI\MyLife.App.Shared.UI.Tabs\MyLife.App.Shared.UI.Tabs.csproj", "{3BDE6169-B25E-45F4-B855-16BAA4AF31D1}"
EndProject
Project("{9A19103F-16F7-4668-BE54-9A1E7A4F7556}") = "MyLife.App.Plugins.Content.Todo", "App\Plugins\MyLife.App.Plugins.Content.Todo\MyLife.App.Plugins.Content.Todo.csproj", "{A36FDF18-B99E-4289-BF87-54353288E765}"
EndProject
Project("{9A19103F-16F7-4668-BE54-9A1E7A4F7556}") = "MyLife.App.Android.UI.Mobile", "App\Android\MyLife.App.Android.UI.Mobile\MyLife.App.Android.UI.Mobile.csproj", "{7B221085-B2E2-497F-8C69-9CF407371F78}"
EndProject
Project("{9A19103F-16F7-4668-BE54-9A1E7A4F7556}") = "MyLife.App.Android.UI.Watch", "App\Android\MyLife.App.Android.UI.Watch\MyLife.App.Android.UI.Watch.csproj", "{190556E1-C22B-45A5-83AF-8B673BC7D805}"
EndProject
Project("{9A19103F-16F7-4668-BE54-9A1E7A4F7556}") = "MyLife.App.Android", "App\Android\MyLife.App.Android\MyLife.App.Android.csproj", "{93D53757-5C01-4C74-AD4F-B6E1AE70ABBA}"
EndProject
Project("{9A19103F-16F7-4668-BE54-9A1E7A4F7556}") = "MyLife.App.Desktop", "App\MyLife.App.Desktop\MyLife.App.Desktop.csproj", "{5F0C7A3D-2EF6-451F-AB48-5CAB490A1930}"
EndProject
Project("{9A19103F-16F7-4668-BE54-9A1E7A4F7556}") = "MyLife.App.Browser", "App\MyLife.App.Browser\MyLife.App.Browser.csproj", "{2A3EF978-1223-4844-901C-A73C9BA53BCE}"
EndProject
Global
	GlobalSection(SolutionConfigurationPlatforms) = preSolution
		Debug|Any CPU = Debug|Any CPU
		Release|Any CPU = Release|Any CPU
	EndGlobalSection
	GlobalSection(ProjectConfigurationPlatforms) = postSolution
		{88345D8A-29E0-4A68-946F-E6B09A5228DB}.Debug|Any CPU.ActiveCfg = Debug|Any CPU
		{88345D8A-29E0-4A68-946F-E6B09A5228DB}.Debug|Any CPU.Build.0 = Debug|Any CPU
		{88345D8A-29E0-4A68-946F-E6B09A5228DB}.Release|Any CPU.ActiveCfg = Release|Any CPU
		{88345D8A-29E0-4A68-946F-E6B09A5228DB}.Release|Any CPU.Build.0 = Release|Any CPU
		{87629106-2255-49F8-B183-79B37569CB30}.Debug|Any CPU.ActiveCfg = Debug|Any CPU
		{87629106-2255-49F8-B183-79B37569CB30}.Debug|Any CPU.Build.0 = Debug|Any CPU
		{87629106-2255-49F8-B183-79B37569CB30}.Release|Any CPU.ActiveCfg = Release|Any CPU
		{87629106-2255-49F8-B183-79B37569CB30}.Release|Any CPU.Build.0 = Release|Any CPU
		{D8AD3518-9053-45ED-A439-C9B5ADC02EC3}.Debug|Any CPU.ActiveCfg = Debug|Any CPU
		{D8AD3518-9053-45ED-A439-C9B5ADC02EC3}.Debug|Any CPU.Build.0 = Debug|Any CPU
		{D8AD3518-9053-45ED-A439-C9B5ADC02EC3}.Release|Any CPU.ActiveCfg = Release|Any CPU
		{D8AD3518-9053-45ED-A439-C9B5ADC02EC3}.Release|Any CPU.Build.0 = Release|Any CPU
		{3ABF143F-05C6-4EA3-8E05-6E89DE8C34E0}.Debug|Any CPU.ActiveCfg = Debug|Any CPU
		{3ABF143F-05C6-4EA3-8E05-6E89DE8C34E0}.Debug|Any CPU.Build.0 = Debug|Any CPU
		{3ABF143F-05C6-4EA3-8E05-6E89DE8C34E0}.Release|Any CPU.ActiveCfg = Release|Any CPU
		{3ABF143F-05C6-4EA3-8E05-6E89DE8C34E0}.Release|Any CPU.Build.0 = Release|Any CPU
		{3BDE6169-B25E-45F4-B855-16BAA4AF31D1}.Debug|Any CPU.ActiveCfg = Debug|Any CPU
		{3BDE6169-B25E-45F4-B855-16BAA4AF31D1}.Debug|Any CPU.Build.0 = Debug|Any CPU
		{3BDE6169-B25E-45F4-B855-16BAA4AF31D1}.Release|Any CPU.ActiveCfg = Release|Any CPU
		{3BDE6169-B25E-45F4-B855-16BAA4AF31D1}.Release|Any CPU.Build.0 = Release|Any CPU
		{A36FDF18-B99E-4289-BF87-54353288E765}.Debug|Any CPU.ActiveCfg = Debug|Any CPU
		{A36FDF18-B99E-4289-BF87-54353288E765}.Debug|Any CPU.Build.0 = Debug|Any CPU
		{A36FDF18-B99E-4289-BF87-54353288E765}.Release|Any CPU.ActiveCfg = Release|Any CPU
		{A36FDF18-B99E-4289-BF87-54353288E765}.Release|Any CPU.Build.0 = Release|Any CPU
		{7B221085-B2E2-497F-8C69-9CF407371F78}.Debug|Any CPU.ActiveCfg = Debug|Any CPU
		{7B221085-B2E2-497F-8C69-9CF407371F78}.Debug|Any CPU.Build.0 = Debug|Any CPU
		{7B221085-B2E2-497F-8C69-9CF407371F78}.Release|Any CPU.ActiveCfg = Release|Any CPU
		{7B221085-B2E2-497F-8C69-9CF407371F78}.Release|Any CPU.Build.0 = Release|Any CPU
		{190556E1-C22B-45A5-83AF-8B673BC7D805}.Debug|Any CPU.ActiveCfg = Debug|Any CPU
		{190556E1-C22B-45A5-83AF-8B673BC7D805}.Debug|Any CPU.Build.0 = Debug|Any CPU
		{190556E1-C22B-45A5-83AF-8B673BC7D805}.Release|Any CPU.ActiveCfg = Release|Any CPU
		{190556E1-C22B-45A5-83AF-8B673BC7D805}.Release|Any CPU.Build.0 = Release|Any CPU
		{93D53757-5C01-4C74-AD4F-B6E1AE70ABBA}.Debug|Any CPU.ActiveCfg = Debug|Any CPU
		{93D53757-5C01-4C74-AD4F-B6E1AE70ABBA}.Debug|Any CPU.Build.0 = Debug|Any CPU
		{93D53757-5C01-4C74-AD4F-B6E1AE70ABBA}.Debug|Any CPU.Deploy.0 = Debug|Any CPU
		{93D53757-5C01-4C74-AD4F-B6E1AE70ABBA}.Release|Any CPU.ActiveCfg = Release|Any CPU
		{93D53757-5C01-4C74-AD4F-B6E1AE70ABBA}.Release|Any CPU.Build.0 = Release|Any CPU
		{93D53757-5C01-4C74-AD4F-B6E1AE70ABBA}.Release|Any CPU.Deploy.0 = Release|Any CPU
		{5F0C7A3D-2EF6-451F-AB48-5CAB490A1930}.Debug|Any CPU.ActiveCfg = Debug|Any CPU
		{5F0C7A3D-2EF6-451F-AB48-5CAB490A1930}.Debug|Any CPU.Build.0 = Debug|Any CPU
		{5F0C7A3D-2EF6-451F-AB48-5CAB490A1930}.Release|Any CPU.ActiveCfg = Release|Any CPU
		{5F0C7A3D-2EF6-451F-AB48-5CAB490A1930}.Release|Any CPU.Build.0 = Release|Any CPU
		{2A3EF978-1223-4844-901C-A73C9BA53BCE}.Debug|Any CPU.ActiveCfg = Debug|Any CPU
		{2A3EF978-1223-4844-901C-A73C9BA53BCE}.Debug|Any CPU.Build.0 = Debug|Any CPU
		{2A3EF978-1223-4844-901C-A73C9BA53BCE}.Release|Any CPU.ActiveCfg = Release|Any CPU
		{2A3EF978-1223-4844-901C-A73C9BA53BCE}.Release|Any CPU.Build.0 = Release|Any CPU
	EndGlobalSection
	GlobalSection(SolutionProperties) = preSolution
		HideSolutionNode = FALSE
	EndGlobalSection
	GlobalSection(NestedProjects) = preSolution
		{62D4CDEB-8CE9-4B02-A9E5-481E17707DEA} = {71319DFB-7F12-4BEF-8504-8238DB5A29AA}
		{79ECB53B-3123-488C-86BA-5096B1EB1A98} = {71319DFB-7F12-4BEF-8504-8238DB5A29AA}
		{88345D8A-29E0-4A68-946F-E6B09A5228DB} = {6B536171-B5EF-40E8-8EEA-FE6358F0EE0C}
		{87629106-2255-49F8-B183-79B37569CB30} = {71319DFB-7F12-4BEF-8504-8238DB5A29AA}
		{0378DF1D-0D61-4774-98CB-64827D8B317F} = {71319DFB-7F12-4BEF-8504-8238DB5A29AA}
		{D8AD3518-9053-45ED-A439-C9B5ADC02EC3} = {79ECB53B-3123-488C-86BA-5096B1EB1A98}
		{3ABF143F-05C6-4EA3-8E05-6E89DE8C34E0} = {79ECB53B-3123-488C-86BA-5096B1EB1A98}
		{3BDE6169-B25E-45F4-B855-16BAA4AF31D1} = {79ECB53B-3123-488C-86BA-5096B1EB1A98}
		{A36FDF18-B99E-4289-BF87-54353288E765} = {0378DF1D-0D61-4774-98CB-64827D8B317F}
		{7B221085-B2E2-497F-8C69-9CF407371F78} = {62D4CDEB-8CE9-4B02-A9E5-481E17707DEA}
		{190556E1-C22B-45A5-83AF-8B673BC7D805} = {62D4CDEB-8CE9-4B02-A9E5-481E17707DEA}
		{93D53757-5C01-4C74-AD4F-B6E1AE70ABBA} = {62D4CDEB-8CE9-4B02-A9E5-481E17707DEA}
		{5F0C7A3D-2EF6-451F-AB48-5CAB490A1930} = {71319DFB-7F12-4BEF-8504-8238DB5A29AA}
		{2A3EF978-1223-4844-901C-A73C9BA53BCE} = {71319DFB-7F12-4BEF-8504-8238DB5A29AA}
	EndGlobalSection
	GlobalSection(ExtensibilityGlobals) = postSolution
		SolutionGuid = {9D19063E-0EEE-48FF-A1BE-503788DDE6B0}
	EndGlobalSection
EndGlobal
